
Microsoft Visual Studio Solution File, Format Version 12.00
# Visual Studio Version 17
VisualStudioVersion = 17.3.32922.545
MinimumVisualStudioVersion = 10.0.40219.1
Project("{FAE04EC0-301F-11D3-BF4B-00C04F79EFBC}") = "BulkyBook", "BulkyBook\BulkyBook.csproj", "{01A247BC-CC64-4B6D-BF66-256B8E3C5CD9}"
EndProject
Global
	GlobalSection(SolutionConfigurationPlatforms) = preSolution
		Debug|Any CPU = Debug|Any CPU
		Release|Any CPU = Release|Any CPU
	EndGlobalSection
	GlobalSection(ProjectConfigurationPlatforms) = postSolution
		{01A247BC-CC64-4B6D-BF66-256B8E3C5CD9}.Debug|Any CPU.ActiveCfg = Debug|Any CPU
		{01A247BC-CC64-4B6D-BF66-256B8E3C5CD9}.Debug|Any CPU.Build.0 = Debug|Any CPU
		{01A247BC-CC64-4B6D-BF66-256B8E3C5CD9}.Release|Any CPU.ActiveCfg = Release|Any CPU
		{01A247BC-CC64-4B6D-BF66-256B8E3C5CD9}.Release|Any CPU.Build.0 = Release|Any CPU
	EndGlobalSection
	GlobalSection(SolutionProperties) = preSolution
		HideSolutionNode = FALSE
	EndGlobalSection
	GlobalSection(ExtensibilityGlobals) = postSolution
		SolutionGuid = {6561C168-BE5D-4FA3-B82B-9A16EA8669EF}
	EndGlobalSection
EndGlobal
